
Microsoft Visual Studio Solution File, Format Version 12.00
# Visual Studio Version 17
VisualStudioVersion = 17.6.33815.320
MinimumVisualStudioVersion = 10.0.40219.1
Project("{FAE04EC0-301F-11D3-BF4B-00C04F79EFBC}") = "ConsoleApp1", "ConsoleApp1.csproj", "{550D5912-E130-4BD8-BC50-35D9CB7A334B}"
EndProject
Global
	GlobalSection(SolutionConfigurationPlatforms) = preSolution
		Debug|Any CPU = Debug|Any CPU
		Release|Any CPU = Release|Any CPU
	EndGlobalSection
	GlobalSection(ProjectConfigurationPlatforms) = postSolution
		{550D5912-E130-4BD8-BC50-35D9CB7A334B}.Debug|Any CPU.ActiveCfg = Debug|Any CPU
		{550D5912-E130-4BD8-BC50-35D9CB7A334B}.Debug|Any CPU.Build.0 = Debug|Any CPU
		{550D5912-E130-4BD8-BC50-35D9CB7A334B}.Release|Any CPU.ActiveCfg = Release|Any CPU
		{550D5912-E130-4BD8-BC50-35D9CB7A334B}.Release|Any CPU.Build.0 = Release|Any CPU
	EndGlobalSection
	GlobalSection(SolutionProperties) = preSolution
		HideSolutionNode = FALSE
	EndGlobalSection
	GlobalSection(ExtensibilityGlobals) = postSolution
		SolutionGuid = {6AD3C23C-7FA5-4B49-87BB-B550FD8360B7}
	EndGlobalSection
EndGlobal
